
Microsoft Visual Studio Solution File, Format Version 12.00
# Visual Studio 2012
Project("{FAE04EC0-301F-11D3-BF4B-00C04F79EFBC}") = "Task1", "Task1\Task1.csproj", "{4212D4D5-9244-493D-B95B-D674596E844C}"
EndProject
Project("{FAE04EC0-301F-11D3-BF4B-00C04F79EFBC}") = "Task2", "Task2\Task2.csproj", "{E613D8C9-257C-4728-A72F-6E637BA95845}"
EndProject
Project("{FAE04EC0-301F-11D3-BF4B-00C04F79EFBC}") = "Task3", "Task3\Task3.csproj", "{8ED24E10-4196-4333-AB9C-76D3B464372E}"
EndProject
Project("{FAE04EC0-301F-11D3-BF4B-00C04F79EFBC}") = "Task4", "Task4\Task4.csproj", "{FA238BB7-740A-4909-BF45-B87A736F0B96}"
EndProject
Project("{FAE04EC0-301F-11D3-BF4B-00C04F79EFBC}") = "Task14", "Task14\Task14.csproj", "{38DA6888-4A01-4CFB-B615-8F501EFE0303}"
EndProject
Project("{FAE04EC0-301F-11D3-BF4B-00C04F79EFBC}") = "Task8", "Task8\Task8.csproj", "{991C436B-2A25-4A5D-AB6F-5EE2306BF501}"
EndProject
Project("{FAE04EC0-301F-11D3-BF4B-00C04F79EFBC}") = "Task5", "Task5\Task5.csproj", "{63F99DD5-92AC-4580-B112-EDAFE893B203}"
EndProject
Project("{FAE04EC0-301F-11D3-BF4B-00C04F79EFBC}") = "Task6", "Task6\Task6.csproj", "{56EA2DAD-CFA7-4DA7-85CA-C36EFAE31D0B}"
EndProject
Project("{FAE04EC0-301F-11D3-BF4B-00C04F79EFBC}") = "Task7", "Task7\Task7.csproj", "{A067B3C4-08EC-4E64-9196-47E3F7E47A73}"
EndProject
Project("{FAE04EC0-301F-11D3-BF4B-00C04F79EFBC}") = "Task9", "Task9\Task9.csproj", "{4C8BD1A0-6523-4F49-B4FE-97ABD31FD44D}"
EndProject
Project("{FAE04EC0-301F-11D3-BF4B-00C04F79EFBC}") = "Task10", "Task10\Task10.csproj", "{E424F351-E014-4294-BBC8-554BF857D3A3}"
EndProject
Global
	GlobalSection(SolutionConfigurationPlatforms) = preSolution
		Debug|Any CPU = Debug|Any CPU
		Release|Any CPU = Release|Any CPU
	EndGlobalSection
	GlobalSection(ProjectConfigurationPlatforms) = postSolution
		{4212D4D5-9244-493D-B95B-D674596E844C}.Debug|Any CPU.ActiveCfg = Debug|Any CPU
		{4212D4D5-9244-493D-B95B-D674596E844C}.Debug|Any CPU.Build.0 = Debug|Any CPU
		{4212D4D5-9244-493D-B95B-D674596E844C}.Release|Any CPU.ActiveCfg = Release|Any CPU
		{4212D4D5-9244-493D-B95B-D674596E844C}.Release|Any CPU.Build.0 = Release|Any CPU
		{E613D8C9-257C-4728-A72F-6E637BA95845}.Debug|Any CPU.ActiveCfg = Debug|Any CPU
		{E613D8C9-257C-4728-A72F-6E637BA95845}.Debug|Any CPU.Build.0 = Debug|Any CPU
		{E613D8C9-257C-4728-A72F-6E637BA95845}.Release|Any CPU.ActiveCfg = Release|Any CPU
		{E613D8C9-257C-4728-A72F-6E637BA95845}.Release|Any CPU.Build.0 = Release|Any CPU
		{8ED24E10-4196-4333-AB9C-76D3B464372E}.Debug|Any CPU.ActiveCfg = Debug|Any CPU
		{8ED24E10-4196-4333-AB9C-76D3B464372E}.Debug|Any CPU.Build.0 = Debug|Any CPU
		{8ED24E10-4196-4333-AB9C-76D3B464372E}.Release|Any CPU.ActiveCfg = Release|Any CPU
		{8ED24E10-4196-4333-AB9C-76D3B464372E}.Release|Any CPU.Build.0 = Release|Any CPU
		{FA238BB7-740A-4909-BF45-B87A736F0B96}.Debug|Any CPU.ActiveCfg = Debug|Any CPU
		{FA238BB7-740A-4909-BF45-B87A736F0B96}.Debug|Any CPU.Build.0 = Debug|Any CPU
		{FA238BB7-740A-4909-BF45-B87A736F0B96}.Release|Any CPU.ActiveCfg = Release|Any CPU
		{FA238BB7-740A-4909-BF45-B87A736F0B96}.Release|Any CPU.Build.0 = Release|Any CPU
		{38DA6888-4A01-4CFB-B615-8F501EFE0303}.Debug|Any CPU.ActiveCfg = Debug|Any CPU
		{38DA6888-4A01-4CFB-B615-8F501EFE0303}.Debug|Any CPU.Build.0 = Debug|Any CPU
		{38DA6888-4A01-4CFB-B615-8F501EFE0303}.Release|Any CPU.ActiveCfg = Release|Any CPU
		{38DA6888-4A01-4CFB-B615-8F501EFE0303}.Release|Any CPU.Build.0 = Release|Any CPU
		{991C436B-2A25-4A5D-AB6F-5EE2306BF501}.Debug|Any CPU.ActiveCfg = Debug|Any CPU
		{991C436B-2A25-4A5D-AB6F-5EE2306BF501}.Debug|Any CPU.Build.0 = Debug|Any CPU
		{991C436B-2A25-4A5D-AB6F-5EE2306BF501}.Release|Any CPU.ActiveCfg = Release|Any CPU
		{991C436B-2A25-4A5D-AB6F-5EE2306BF501}.Release|Any CPU.Build.0 = Release|Any CPU
		{63F99DD5-92AC-4580-B112-EDAFE893B203}.Debug|Any CPU.ActiveCfg = Debug|Any CPU
		{63F99DD5-92AC-4580-B112-EDAFE893B203}.Debug|Any CPU.Build.0 = Debug|Any CPU
		{63F99DD5-92AC-4580-B112-EDAFE893B203}.Release|Any CPU.ActiveCfg = Release|Any CPU
		{63F99DD5-92AC-4580-B112-EDAFE893B203}.Release|Any CPU.Build.0 = Release|Any CPU
		{56EA2DAD-CFA7-4DA7-85CA-C36EFAE31D0B}.Debug|Any CPU.ActiveCfg = Debug|Any CPU
		{56EA2DAD-CFA7-4DA7-85CA-C36EFAE31D0B}.Debug|Any CPU.Build.0 = Debug|Any CPU
		{56EA2DAD-CFA7-4DA7-85CA-C36EFAE31D0B}.Release|Any CPU.ActiveCfg = Release|Any CPU
		{56EA2DAD-CFA7-4DA7-85CA-C36EFAE31D0B}.Release|Any CPU.Build.0 = Release|Any CPU
		{A067B3C4-08EC-4E64-9196-47E3F7E47A73}.Debug|Any CPU.ActiveCfg = Debug|Any CPU
		{A067B3C4-08EC-4E64-9196-47E3F7E47A73}.Debug|Any CPU.Build.0 = Debug|Any CPU
		{A067B3C4-08EC-4E64-9196-47E3F7E47A73}.Release|Any CPU.ActiveCfg = Release|Any CPU
		{A067B3C4-08EC-4E64-9196-47E3F7E47A73}.Release|Any CPU.Build.0 = Release|Any CPU
		{4C8BD1A0-6523-4F49-B4FE-97ABD31FD44D}.Debug|Any CPU.ActiveCfg = Debug|Any CPU
		{4C8BD1A0-6523-4F49-B4FE-97ABD31FD44D}.Debug|Any CPU.Build.0 = Debug|Any CPU
		{4C8BD1A0-6523-4F49-B4FE-97ABD31FD44D}.Release|Any CPU.ActiveCfg = Release|Any CPU
		{4C8BD1A0-6523-4F49-B4FE-97ABD31FD44D}.Release|Any CPU.Build.0 = Release|Any CPU
		{E424F351-E014-4294-BBC8-554BF857D3A3}.Debug|Any CPU.ActiveCfg = Debug|Any CPU
		{E424F351-E014-4294-BBC8-554BF857D3A3}.Debug|Any CPU.Build.0 = Debug|Any CPU
		{E424F351-E014-4294-BBC8-554BF857D3A3}.Release|Any CPU.ActiveCfg = Release|Any CPU
		{E424F351-E014-4294-BBC8-554BF857D3A3}.Release|Any CPU.Build.0 = Release|Any CPU
	EndGlobalSection
	GlobalSection(SolutionProperties) = preSolution
		HideSolutionNode = FALSE
	EndGlobalSection
EndGlobal
