
Microsoft Visual Studio Solution File, Format Version 12.00
# Visual Studio 2012
Project("{FAE04EC0-301F-11D3-BF4B-00C04F79EFBC}") = "task1", "task1\task1.csproj", "{4707BA34-4666-455B-9F2C-962D7BB95493}"
EndProject
Project("{FAE04EC0-301F-11D3-BF4B-00C04F79EFBC}") = "task2", "task2\task2.csproj", "{A1C22CF9-0022-41F0-9B16-3EB7751FDAD0}"
EndProject
Project("{FAE04EC0-301F-11D3-BF4B-00C04F79EFBC}") = "task3", "task3\task3.csproj", "{7BAFAA93-FD4E-4443-9C90-90862512AD7E}"
EndProject
Global
	GlobalSection(SolutionConfigurationPlatforms) = preSolution
		Debug|Any CPU = Debug|Any CPU
		Release|Any CPU = Release|Any CPU
	EndGlobalSection
	GlobalSection(ProjectConfigurationPlatforms) = postSolution
		{4707BA34-4666-455B-9F2C-962D7BB95493}.Debug|Any CPU.ActiveCfg = Debug|Any CPU
		{4707BA34-4666-455B-9F2C-962D7BB95493}.Debug|Any CPU.Build.0 = Debug|Any CPU
		{4707BA34-4666-455B-9F2C-962D7BB95493}.Release|Any CPU.ActiveCfg = Release|Any CPU
		{4707BA34-4666-455B-9F2C-962D7BB95493}.Release|Any CPU.Build.0 = Release|Any CPU
		{A1C22CF9-0022-41F0-9B16-3EB7751FDAD0}.Debug|Any CPU.ActiveCfg = Debug|Any CPU
		{A1C22CF9-0022-41F0-9B16-3EB7751FDAD0}.Debug|Any CPU.Build.0 = Debug|Any CPU
		{A1C22CF9-0022-41F0-9B16-3EB7751FDAD0}.Release|Any CPU.ActiveCfg = Release|Any CPU
		{A1C22CF9-0022-41F0-9B16-3EB7751FDAD0}.Release|Any CPU.Build.0 = Release|Any CPU
		{7BAFAA93-FD4E-4443-9C90-90862512AD7E}.Debug|Any CPU.ActiveCfg = Debug|Any CPU
		{7BAFAA93-FD4E-4443-9C90-90862512AD7E}.Debug|Any CPU.Build.0 = Debug|Any CPU
		{7BAFAA93-FD4E-4443-9C90-90862512AD7E}.Release|Any CPU.ActiveCfg = Release|Any CPU
		{7BAFAA93-FD4E-4443-9C90-90862512AD7E}.Release|Any CPU.Build.0 = Release|Any CPU
	EndGlobalSection
	GlobalSection(SolutionProperties) = preSolution
		HideSolutionNode = FALSE
	EndGlobalSection
EndGlobal
