
Microsoft Visual Studio Solution File, Format Version 12.00
# Visual Studio 2012
Project("{FAE04EC0-301F-11D3-BF4B-00C04F79EFBC}") = "TreesAndTraversals", "TreesAndTraversals\TreesAndTraversals.csproj", "{A3833609-88AE-47F6-ADFE-80C2043BAB1D}"
EndProject
Project("{FAE04EC0-301F-11D3-BF4B-00C04F79EFBC}") = "TraverseDirectoryC", "TraverseDirectoryC\TraverseDirectoryC.csproj", "{85AEF469-AFBD-4DBA-8D54-72652EA2BC28}"
EndProject
Project("{FAE04EC0-301F-11D3-BF4B-00C04F79EFBC}") = "TreeFileSystem", "TreeFileSystem\TreeFileSystem.csproj", "{016C2391-A10B-4C4E-B487-CCF8D00A8742}"
EndProject
Global
	GlobalSection(SolutionConfigurationPlatforms) = preSolution
		Debug|Any CPU = Debug|Any CPU
		Release|Any CPU = Release|Any CPU
	EndGlobalSection
	GlobalSection(ProjectConfigurationPlatforms) = postSolution
		{A3833609-88AE-47F6-ADFE-80C2043BAB1D}.Debug|Any CPU.ActiveCfg = Debug|Any CPU
		{A3833609-88AE-47F6-ADFE-80C2043BAB1D}.Debug|Any CPU.Build.0 = Debug|Any CPU
		{A3833609-88AE-47F6-ADFE-80C2043BAB1D}.Release|Any CPU.ActiveCfg = Release|Any CPU
		{A3833609-88AE-47F6-ADFE-80C2043BAB1D}.Release|Any CPU.Build.0 = Release|Any CPU
		{85AEF469-AFBD-4DBA-8D54-72652EA2BC28}.Debug|Any CPU.ActiveCfg = Debug|Any CPU
		{85AEF469-AFBD-4DBA-8D54-72652EA2BC28}.Debug|Any CPU.Build.0 = Debug|Any CPU
		{85AEF469-AFBD-4DBA-8D54-72652EA2BC28}.Release|Any CPU.ActiveCfg = Release|Any CPU
		{85AEF469-AFBD-4DBA-8D54-72652EA2BC28}.Release|Any CPU.Build.0 = Release|Any CPU
		{016C2391-A10B-4C4E-B487-CCF8D00A8742}.Debug|Any CPU.ActiveCfg = Debug|Any CPU
		{016C2391-A10B-4C4E-B487-CCF8D00A8742}.Debug|Any CPU.Build.0 = Debug|Any CPU
		{016C2391-A10B-4C4E-B487-CCF8D00A8742}.Release|Any CPU.ActiveCfg = Release|Any CPU
		{016C2391-A10B-4C4E-B487-CCF8D00A8742}.Release|Any CPU.Build.0 = Release|Any CPU
	EndGlobalSection
	GlobalSection(SolutionProperties) = preSolution
		HideSolutionNode = FALSE
	EndGlobalSection
EndGlobal
