
Microsoft Visual Studio Solution File, Format Version 12.00
# Visual Studio 2012
Project("{FAE04EC0-301F-11D3-BF4B-00C04F79EFBC}") = "FormattingCSharpCode", "FomattingCSharpCode\FormattingCSharpCode.csproj", "{87D44967-4F72-462A-AA9E-EC727403DA33}"
EndProject
Project("{FAE04EC0-301F-11D3-BF4B-00C04F79EFBC}") = "RefactorJSCode", "RefactorJSCode\RefactorJSCode.csproj", "{B76F9B17-0CD5-457D-BDF8-62B6912C9801}"
EndProject
Global
	GlobalSection(SolutionConfigurationPlatforms) = preSolution
		Debug|Any CPU = Debug|Any CPU
		Release|Any CPU = Release|Any CPU
	EndGlobalSection
	GlobalSection(ProjectConfigurationPlatforms) = postSolution
		{87D44967-4F72-462A-AA9E-EC727403DA33}.Debug|Any CPU.ActiveCfg = Debug|Any CPU
		{87D44967-4F72-462A-AA9E-EC727403DA33}.Debug|Any CPU.Build.0 = Debug|Any CPU
		{87D44967-4F72-462A-AA9E-EC727403DA33}.Release|Any CPU.ActiveCfg = Release|Any CPU
		{87D44967-4F72-462A-AA9E-EC727403DA33}.Release|Any CPU.Build.0 = Release|Any CPU
		{B76F9B17-0CD5-457D-BDF8-62B6912C9801}.Debug|Any CPU.ActiveCfg = Debug|Any CPU
		{B76F9B17-0CD5-457D-BDF8-62B6912C9801}.Debug|Any CPU.Build.0 = Debug|Any CPU
		{B76F9B17-0CD5-457D-BDF8-62B6912C9801}.Release|Any CPU.ActiveCfg = Release|Any CPU
		{B76F9B17-0CD5-457D-BDF8-62B6912C9801}.Release|Any CPU.Build.0 = Release|Any CPU
	EndGlobalSection
	GlobalSection(SolutionProperties) = preSolution
		HideSolutionNode = FALSE
	EndGlobalSection
EndGlobal
