
Microsoft Visual Studio Solution File, Format Version 12.00
# Visual Studio 2012
Project("{FAE04EC0-301F-11D3-BF4B-00C04F79EFBC}") = "task1", "task1\task1.csproj", "{AD17775C-D772-4971-AC3F-C37C9AD4D1DD}"
EndProject
Project("{FAE04EC0-301F-11D3-BF4B-00C04F79EFBC}") = "task2", "task2\task2.csproj", "{D6A6E93D-1E75-49A5-BB94-88299CF8915F}"
EndProject
Project("{FAE04EC0-301F-11D3-BF4B-00C04F79EFBC}") = "task3", "task3\task3.csproj", "{84B733E8-523E-4C18-9475-1456F1084C7A}"
EndProject
Global
	GlobalSection(SolutionConfigurationPlatforms) = preSolution
		Debug|Any CPU = Debug|Any CPU
		Release|Any CPU = Release|Any CPU
	EndGlobalSection
	GlobalSection(ProjectConfigurationPlatforms) = postSolution
		{AD17775C-D772-4971-AC3F-C37C9AD4D1DD}.Debug|Any CPU.ActiveCfg = Debug|Any CPU
		{AD17775C-D772-4971-AC3F-C37C9AD4D1DD}.Debug|Any CPU.Build.0 = Debug|Any CPU
		{AD17775C-D772-4971-AC3F-C37C9AD4D1DD}.Release|Any CPU.ActiveCfg = Release|Any CPU
		{AD17775C-D772-4971-AC3F-C37C9AD4D1DD}.Release|Any CPU.Build.0 = Release|Any CPU
		{D6A6E93D-1E75-49A5-BB94-88299CF8915F}.Debug|Any CPU.ActiveCfg = Debug|Any CPU
		{D6A6E93D-1E75-49A5-BB94-88299CF8915F}.Debug|Any CPU.Build.0 = Debug|Any CPU
		{D6A6E93D-1E75-49A5-BB94-88299CF8915F}.Release|Any CPU.ActiveCfg = Release|Any CPU
		{D6A6E93D-1E75-49A5-BB94-88299CF8915F}.Release|Any CPU.Build.0 = Release|Any CPU
		{84B733E8-523E-4C18-9475-1456F1084C7A}.Debug|Any CPU.ActiveCfg = Debug|Any CPU
		{84B733E8-523E-4C18-9475-1456F1084C7A}.Debug|Any CPU.Build.0 = Debug|Any CPU
		{84B733E8-523E-4C18-9475-1456F1084C7A}.Release|Any CPU.ActiveCfg = Release|Any CPU
		{84B733E8-523E-4C18-9475-1456F1084C7A}.Release|Any CPU.Build.0 = Release|Any CPU
	EndGlobalSection
	GlobalSection(SolutionProperties) = preSolution
		HideSolutionNode = FALSE
	EndGlobalSection
EndGlobal
