
Microsoft Visual Studio Solution File, Format Version 12.00
# Visual Studio 2012
Project("{FAE04EC0-301F-11D3-BF4B-00C04F79EFBC}") = "task1", "task1\task1.csproj", "{C7430206-1211-4BF0-858E-5C132FF881D2}"
EndProject
Project("{FAE04EC0-301F-11D3-BF4B-00C04F79EFBC}") = "task2", "task2\task2.csproj", "{A5E00CFC-1AEF-40F2-8014-CDBEC28FF2D8}"
EndProject
Project("{FAE04EC0-301F-11D3-BF4B-00C04F79EFBC}") = "task3", "task3\task3.csproj", "{0CA7950B-88C8-4662-B68A-1AB0D608BE89}"
EndProject
Global
	GlobalSection(SolutionConfigurationPlatforms) = preSolution
		Debug|Any CPU = Debug|Any CPU
		Release|Any CPU = Release|Any CPU
	EndGlobalSection
	GlobalSection(ProjectConfigurationPlatforms) = postSolution
		{C7430206-1211-4BF0-858E-5C132FF881D2}.Debug|Any CPU.ActiveCfg = Debug|Any CPU
		{C7430206-1211-4BF0-858E-5C132FF881D2}.Debug|Any CPU.Build.0 = Debug|Any CPU
		{C7430206-1211-4BF0-858E-5C132FF881D2}.Release|Any CPU.ActiveCfg = Release|Any CPU
		{C7430206-1211-4BF0-858E-5C132FF881D2}.Release|Any CPU.Build.0 = Release|Any CPU
		{A5E00CFC-1AEF-40F2-8014-CDBEC28FF2D8}.Debug|Any CPU.ActiveCfg = Debug|Any CPU
		{A5E00CFC-1AEF-40F2-8014-CDBEC28FF2D8}.Debug|Any CPU.Build.0 = Debug|Any CPU
		{A5E00CFC-1AEF-40F2-8014-CDBEC28FF2D8}.Release|Any CPU.ActiveCfg = Release|Any CPU
		{A5E00CFC-1AEF-40F2-8014-CDBEC28FF2D8}.Release|Any CPU.Build.0 = Release|Any CPU
		{0CA7950B-88C8-4662-B68A-1AB0D608BE89}.Debug|Any CPU.ActiveCfg = Debug|Any CPU
		{0CA7950B-88C8-4662-B68A-1AB0D608BE89}.Debug|Any CPU.Build.0 = Debug|Any CPU
		{0CA7950B-88C8-4662-B68A-1AB0D608BE89}.Release|Any CPU.ActiveCfg = Release|Any CPU
		{0CA7950B-88C8-4662-B68A-1AB0D608BE89}.Release|Any CPU.Build.0 = Release|Any CPU
	EndGlobalSection
	GlobalSection(SolutionProperties) = preSolution
		HideSolutionNode = FALSE
	EndGlobalSection
EndGlobal
