
Microsoft Visual Studio Solution File, Format Version 12.00
# Visual Studio 2012
Project("{FAE04EC0-301F-11D3-BF4B-00C04F79EFBC}") = "1.PrintInAlphabeticalOrder", "1.PrintInAlphabeticalOrder\1.PrintInAlphabeticalOrder.csproj", "{885978CD-67C1-4FA5-8AF8-AF5CEFE744C6}"
EndProject
Project("{FAE04EC0-301F-11D3-BF4B-00C04F79EFBC}") = "2.PriceRange", "2.PriceRange\2.PriceRange.csproj", "{A7B03E0A-B7FF-4702-AFB1-787CC63410F7}"
EndProject
Project("{FAE04EC0-301F-11D3-BF4B-00C04F79EFBC}") = "3.BiDictionary", "3.BiDictionary\3.BiDictionary.csproj", "{35868B6A-9193-4414-9E40-3C66B0D683CB}"
EndProject
Global
	GlobalSection(SolutionConfigurationPlatforms) = preSolution
		Debug|Any CPU = Debug|Any CPU
		Release|Any CPU = Release|Any CPU
	EndGlobalSection
	GlobalSection(ProjectConfigurationPlatforms) = postSolution
		{885978CD-67C1-4FA5-8AF8-AF5CEFE744C6}.Debug|Any CPU.ActiveCfg = Debug|Any CPU
		{885978CD-67C1-4FA5-8AF8-AF5CEFE744C6}.Debug|Any CPU.Build.0 = Debug|Any CPU
		{885978CD-67C1-4FA5-8AF8-AF5CEFE744C6}.Release|Any CPU.ActiveCfg = Release|Any CPU
		{885978CD-67C1-4FA5-8AF8-AF5CEFE744C6}.Release|Any CPU.Build.0 = Release|Any CPU
		{A7B03E0A-B7FF-4702-AFB1-787CC63410F7}.Debug|Any CPU.ActiveCfg = Debug|Any CPU
		{A7B03E0A-B7FF-4702-AFB1-787CC63410F7}.Debug|Any CPU.Build.0 = Debug|Any CPU
		{A7B03E0A-B7FF-4702-AFB1-787CC63410F7}.Release|Any CPU.ActiveCfg = Release|Any CPU
		{A7B03E0A-B7FF-4702-AFB1-787CC63410F7}.Release|Any CPU.Build.0 = Release|Any CPU
		{35868B6A-9193-4414-9E40-3C66B0D683CB}.Debug|Any CPU.ActiveCfg = Debug|Any CPU
		{35868B6A-9193-4414-9E40-3C66B0D683CB}.Debug|Any CPU.Build.0 = Debug|Any CPU
		{35868B6A-9193-4414-9E40-3C66B0D683CB}.Release|Any CPU.ActiveCfg = Release|Any CPU
		{35868B6A-9193-4414-9E40-3C66B0D683CB}.Release|Any CPU.Build.0 = Release|Any CPU
	EndGlobalSection
	GlobalSection(SolutionProperties) = preSolution
		HideSolutionNode = FALSE
	EndGlobalSection
EndGlobal
