
Microsoft Visual Studio Solution File, Format Version 12.00
# Visual Studio Express 2012 for Windows Desktop
Project("{FAE04EC0-301F-11D3-BF4B-00C04F79EFBC}") = "FallingRocksGame", "FallingRocksGame\FallingRocksGame.csproj", "{AAF41193-B30C-4ED4-BF7C-7B414E3DD837}"
EndProject
Global
	GlobalSection(SolutionConfigurationPlatforms) = preSolution
		Debug|Any CPU = Debug|Any CPU
		Release|Any CPU = Release|Any CPU
	EndGlobalSection
	GlobalSection(ProjectConfigurationPlatforms) = postSolution
		{AAF41193-B30C-4ED4-BF7C-7B414E3DD837}.Debug|Any CPU.ActiveCfg = Debug|Any CPU
		{AAF41193-B30C-4ED4-BF7C-7B414E3DD837}.Debug|Any CPU.Build.0 = Debug|Any CPU
		{AAF41193-B30C-4ED4-BF7C-7B414E3DD837}.Release|Any CPU.ActiveCfg = Release|Any CPU
		{AAF41193-B30C-4ED4-BF7C-7B414E3DD837}.Release|Any CPU.Build.0 = Release|Any CPU
	EndGlobalSection
	GlobalSection(SolutionProperties) = preSolution
		HideSolutionNode = FALSE
	EndGlobalSection
EndGlobal
