
Microsoft Visual Studio Solution File, Format Version 12.00
# Visual Studio 2012
Project("{FAE04EC0-301F-11D3-BF4B-00C04F79EFBC}") = "task1", "task1\task1.csproj", "{16339B4E-90E3-4A32-9FC0-DAE021D55794}"
EndProject
Project("{FAE04EC0-301F-11D3-BF4B-00C04F79EFBC}") = "task2", "task2\task2.csproj", "{FDFFA624-6A27-4BFD-84C7-42F923FBEE06}"
EndProject
Project("{FAE04EC0-301F-11D3-BF4B-00C04F79EFBC}") = "task3", "task3\task3.csproj", "{D63CBFB8-FF7C-409D-B1AF-36C20DF26161}"
EndProject
Global
	GlobalSection(SolutionConfigurationPlatforms) = preSolution
		Debug|Any CPU = Debug|Any CPU
		Release|Any CPU = Release|Any CPU
	EndGlobalSection
	GlobalSection(ProjectConfigurationPlatforms) = postSolution
		{16339B4E-90E3-4A32-9FC0-DAE021D55794}.Debug|Any CPU.ActiveCfg = Debug|Any CPU
		{16339B4E-90E3-4A32-9FC0-DAE021D55794}.Debug|Any CPU.Build.0 = Debug|Any CPU
		{16339B4E-90E3-4A32-9FC0-DAE021D55794}.Release|Any CPU.ActiveCfg = Release|Any CPU
		{16339B4E-90E3-4A32-9FC0-DAE021D55794}.Release|Any CPU.Build.0 = Release|Any CPU
		{FDFFA624-6A27-4BFD-84C7-42F923FBEE06}.Debug|Any CPU.ActiveCfg = Debug|Any CPU
		{FDFFA624-6A27-4BFD-84C7-42F923FBEE06}.Debug|Any CPU.Build.0 = Debug|Any CPU
		{FDFFA624-6A27-4BFD-84C7-42F923FBEE06}.Release|Any CPU.ActiveCfg = Release|Any CPU
		{FDFFA624-6A27-4BFD-84C7-42F923FBEE06}.Release|Any CPU.Build.0 = Release|Any CPU
		{D63CBFB8-FF7C-409D-B1AF-36C20DF26161}.Debug|Any CPU.ActiveCfg = Debug|Any CPU
		{D63CBFB8-FF7C-409D-B1AF-36C20DF26161}.Debug|Any CPU.Build.0 = Debug|Any CPU
		{D63CBFB8-FF7C-409D-B1AF-36C20DF26161}.Release|Any CPU.ActiveCfg = Release|Any CPU
		{D63CBFB8-FF7C-409D-B1AF-36C20DF26161}.Release|Any CPU.Build.0 = Release|Any CPU
	EndGlobalSection
	GlobalSection(SolutionProperties) = preSolution
		HideSolutionNode = FALSE
	EndGlobalSection
EndGlobal
