
Microsoft Visual Studio Solution File, Format Version 12.00
# Visual Studio 2012
Project("{FAE04EC0-301F-11D3-BF4B-00C04F79EFBC}") = "FunctionsHW", "FunctionsHW\FunctionsHW.csproj", "{8DF67786-E419-446B-841A-6C3168D03B4F}"
EndProject
Global
	GlobalSection(SolutionConfigurationPlatforms) = preSolution
		Debug|Any CPU = Debug|Any CPU
		Release|Any CPU = Release|Any CPU
	EndGlobalSection
	GlobalSection(ProjectConfigurationPlatforms) = postSolution
		{8DF67786-E419-446B-841A-6C3168D03B4F}.Debug|Any CPU.ActiveCfg = Debug|Any CPU
		{8DF67786-E419-446B-841A-6C3168D03B4F}.Debug|Any CPU.Build.0 = Debug|Any CPU
		{8DF67786-E419-446B-841A-6C3168D03B4F}.Release|Any CPU.ActiveCfg = Release|Any CPU
		{8DF67786-E419-446B-841A-6C3168D03B4F}.Release|Any CPU.Build.0 = Release|Any CPU
	EndGlobalSection
	GlobalSection(SolutionProperties) = preSolution
		HideSolutionNode = FALSE
	EndGlobalSection
EndGlobal
