
Microsoft Visual Studio Solution File, Format Version 12.00
# Visual Studio 2012
Project("{FAE04EC0-301F-11D3-BF4B-00C04F79EFBC}") = "01.CountNumbers", "01.CountNumbers\01.CountNumbers.csproj", "{7CA26DDF-C1AF-441F-A6B6-C1423E43EBFD}"
EndProject
Project("{FAE04EC0-301F-11D3-BF4B-00C04F79EFBC}") = "02.OddTimesStrings", "02.OddTimesStrings\02.OddTimesStrings.csproj", "{E53690A9-3955-47F0-BE93-BFBC2FCA63BD}"
EndProject
Project("{FAE04EC0-301F-11D3-BF4B-00C04F79EFBC}") = "03.WordsAppearance", "03.WordsAppearance\03.WordsAppearance.csproj", "{A748E655-8E1A-49F4-9907-9E84FA1D0789}"
EndProject
Project("{FAE04EC0-301F-11D3-BF4B-00C04F79EFBC}") = "04.HashTable", "04.HashTable\04.HashTable.csproj", "{E1EA6723-0A7E-406C-866E-FF5806337DB3}"
EndProject
Project("{FAE04EC0-301F-11D3-BF4B-00C04F79EFBC}") = "05.HashSet", "05.HashSet\05.HashSet.csproj", "{F32C8F5E-BE79-4547-A0E8-8FEFE32B869B}"
EndProject
Project("{FAE04EC0-301F-11D3-BF4B-00C04F79EFBC}") = "06.PhoneBook", "06.PhoneBook\06.PhoneBook.csproj", "{F3B03D0F-0DD2-46B0-A01C-E656B508B31B}"
EndProject
Global
	GlobalSection(SolutionConfigurationPlatforms) = preSolution
		Debug|Any CPU = Debug|Any CPU
		Release|Any CPU = Release|Any CPU
	EndGlobalSection
	GlobalSection(ProjectConfigurationPlatforms) = postSolution
		{7CA26DDF-C1AF-441F-A6B6-C1423E43EBFD}.Debug|Any CPU.ActiveCfg = Debug|Any CPU
		{7CA26DDF-C1AF-441F-A6B6-C1423E43EBFD}.Debug|Any CPU.Build.0 = Debug|Any CPU
		{7CA26DDF-C1AF-441F-A6B6-C1423E43EBFD}.Release|Any CPU.ActiveCfg = Release|Any CPU
		{7CA26DDF-C1AF-441F-A6B6-C1423E43EBFD}.Release|Any CPU.Build.0 = Release|Any CPU
		{E53690A9-3955-47F0-BE93-BFBC2FCA63BD}.Debug|Any CPU.ActiveCfg = Debug|Any CPU
		{E53690A9-3955-47F0-BE93-BFBC2FCA63BD}.Debug|Any CPU.Build.0 = Debug|Any CPU
		{E53690A9-3955-47F0-BE93-BFBC2FCA63BD}.Release|Any CPU.ActiveCfg = Release|Any CPU
		{E53690A9-3955-47F0-BE93-BFBC2FCA63BD}.Release|Any CPU.Build.0 = Release|Any CPU
		{A748E655-8E1A-49F4-9907-9E84FA1D0789}.Debug|Any CPU.ActiveCfg = Debug|Any CPU
		{A748E655-8E1A-49F4-9907-9E84FA1D0789}.Debug|Any CPU.Build.0 = Debug|Any CPU
		{A748E655-8E1A-49F4-9907-9E84FA1D0789}.Release|Any CPU.ActiveCfg = Release|Any CPU
		{A748E655-8E1A-49F4-9907-9E84FA1D0789}.Release|Any CPU.Build.0 = Release|Any CPU
		{E1EA6723-0A7E-406C-866E-FF5806337DB3}.Debug|Any CPU.ActiveCfg = Debug|Any CPU
		{E1EA6723-0A7E-406C-866E-FF5806337DB3}.Debug|Any CPU.Build.0 = Debug|Any CPU
		{E1EA6723-0A7E-406C-866E-FF5806337DB3}.Release|Any CPU.ActiveCfg = Release|Any CPU
		{E1EA6723-0A7E-406C-866E-FF5806337DB3}.Release|Any CPU.Build.0 = Release|Any CPU
		{F32C8F5E-BE79-4547-A0E8-8FEFE32B869B}.Debug|Any CPU.ActiveCfg = Debug|Any CPU
		{F32C8F5E-BE79-4547-A0E8-8FEFE32B869B}.Debug|Any CPU.Build.0 = Debug|Any CPU
		{F32C8F5E-BE79-4547-A0E8-8FEFE32B869B}.Release|Any CPU.ActiveCfg = Release|Any CPU
		{F32C8F5E-BE79-4547-A0E8-8FEFE32B869B}.Release|Any CPU.Build.0 = Release|Any CPU
		{F3B03D0F-0DD2-46B0-A01C-E656B508B31B}.Debug|Any CPU.ActiveCfg = Debug|Any CPU
		{F3B03D0F-0DD2-46B0-A01C-E656B508B31B}.Debug|Any CPU.Build.0 = Debug|Any CPU
		{F3B03D0F-0DD2-46B0-A01C-E656B508B31B}.Release|Any CPU.ActiveCfg = Release|Any CPU
		{F3B03D0F-0DD2-46B0-A01C-E656B508B31B}.Release|Any CPU.Build.0 = Release|Any CPU
	EndGlobalSection
	GlobalSection(SolutionProperties) = preSolution
		HideSolutionNode = FALSE
	EndGlobalSection
EndGlobal
