
Microsoft Visual Studio Solution File, Format Version 12.00
# Visual Studio 2012
Project("{FAE04EC0-301F-11D3-BF4B-00C04F79EFBC}") = "task1", "task1\task1.csproj", "{1126D1A4-2A3D-4831-AFCB-033206D1B0D3}"
EndProject
Project("{FAE04EC0-301F-11D3-BF4B-00C04F79EFBC}") = "task2", "task2\task2.csproj", "{C4C4B4E1-A89D-462D-857F-C0B2B5E43434}"
EndProject
Project("{FAE04EC0-301F-11D3-BF4B-00C04F79EFBC}") = "task3", "task3\task3.csproj", "{74927985-F9C2-49A9-B95A-7016A78A9A3D}"
EndProject
Global
	GlobalSection(SolutionConfigurationPlatforms) = preSolution
		Debug|Any CPU = Debug|Any CPU
		Release|Any CPU = Release|Any CPU
	EndGlobalSection
	GlobalSection(ProjectConfigurationPlatforms) = postSolution
		{1126D1A4-2A3D-4831-AFCB-033206D1B0D3}.Debug|Any CPU.ActiveCfg = Debug|Any CPU
		{1126D1A4-2A3D-4831-AFCB-033206D1B0D3}.Debug|Any CPU.Build.0 = Debug|Any CPU
		{1126D1A4-2A3D-4831-AFCB-033206D1B0D3}.Release|Any CPU.ActiveCfg = Release|Any CPU
		{1126D1A4-2A3D-4831-AFCB-033206D1B0D3}.Release|Any CPU.Build.0 = Release|Any CPU
		{C4C4B4E1-A89D-462D-857F-C0B2B5E43434}.Debug|Any CPU.ActiveCfg = Debug|Any CPU
		{C4C4B4E1-A89D-462D-857F-C0B2B5E43434}.Debug|Any CPU.Build.0 = Debug|Any CPU
		{C4C4B4E1-A89D-462D-857F-C0B2B5E43434}.Release|Any CPU.ActiveCfg = Release|Any CPU
		{C4C4B4E1-A89D-462D-857F-C0B2B5E43434}.Release|Any CPU.Build.0 = Release|Any CPU
		{74927985-F9C2-49A9-B95A-7016A78A9A3D}.Debug|Any CPU.ActiveCfg = Debug|Any CPU
		{74927985-F9C2-49A9-B95A-7016A78A9A3D}.Debug|Any CPU.Build.0 = Debug|Any CPU
		{74927985-F9C2-49A9-B95A-7016A78A9A3D}.Release|Any CPU.ActiveCfg = Release|Any CPU
		{74927985-F9C2-49A9-B95A-7016A78A9A3D}.Release|Any CPU.Build.0 = Release|Any CPU
	EndGlobalSection
	GlobalSection(SolutionProperties) = preSolution
		HideSolutionNode = FALSE
	EndGlobalSection
EndGlobal
