
Microsoft Visual Studio Solution File, Format Version 12.00
# Visual Studio Express 2012 for Web
Project("{E24C65DC-7377-472B-9ABA-BC803B73C61A}") = "CSS-Presentation", ".", "{82B2D074-A18A-413C-ACF1-970AE1FA2CE1}"
	ProjectSection(WebsiteProperties) = preProject
		TargetFrameworkMoniker = ".NETFramework,Version%3Dv4.5"
		Debug.AspNetCompiler.VirtualPath = "/CSS-Presentation"
		Debug.AspNetCompiler.PhysicalPath = "..\CSS-Presentation\"
		Debug.AspNetCompiler.TargetPath = "PrecompiledWeb\CSS-Presentation\"
		Debug.AspNetCompiler.Updateable = "true"
		Debug.AspNetCompiler.ForceOverwrite = "true"
		Debug.AspNetCompiler.FixedNames = "false"
		Debug.AspNetCompiler.Debug = "True"
		Release.AspNetCompiler.VirtualPath = "/CSS-Presentation"
		Release.AspNetCompiler.PhysicalPath = "..\CSS-Presentation\"
		Release.AspNetCompiler.TargetPath = "PrecompiledWeb\CSS-Presentation\"
		Release.AspNetCompiler.Updateable = "true"
		Release.AspNetCompiler.ForceOverwrite = "true"
		Release.AspNetCompiler.FixedNames = "false"
		Release.AspNetCompiler.Debug = "False"
		VWDPort = "64732"
	EndProjectSection
EndProject
Global
	GlobalSection(SolutionConfigurationPlatforms) = preSolution
		Debug|Any CPU = Debug|Any CPU
	EndGlobalSection
	GlobalSection(ProjectConfigurationPlatforms) = postSolution
		{82B2D074-A18A-413C-ACF1-970AE1FA2CE1}.Debug|Any CPU.ActiveCfg = Debug|Any CPU
		{82B2D074-A18A-413C-ACF1-970AE1FA2CE1}.Debug|Any CPU.Build.0 = Debug|Any CPU
	EndGlobalSection
	GlobalSection(SolutionProperties) = preSolution
		HideSolutionNode = FALSE
	EndGlobalSection
EndGlobal
